
Microsoft Visual Studio Solution File, Format Version 10.00
# Visual Studio 2008
Project("{FAE04EC0-301F-11D3-BF4B-00C04F79EFBC}") = "KirbyMap", "KirbyMap\KirbyMap.csproj", "{9046F9FF-2A92-431F-815D-25853490A2A2}"
EndProject
Project("{FAE04EC0-301F-11D3-BF4B-00C04F79EFBC}") = "SimpleTchatUDP_TCP", "..\SimpleTchatUDP_TCP\SimpleTchatUDP_TCP\SimpleTchatUDP_TCP.csproj", "{0A319BDC-143A-40AD-A438-71FBC33AFA8C}"
EndProject
Global
	GlobalSection(SolutionConfigurationPlatforms) = preSolution
		Debug|x86 = Debug|x86
		Release|x86 = Release|x86
	EndGlobalSection
	GlobalSection(ProjectConfigurationPlatforms) = postSolution
		{0A319BDC-143A-40AD-A438-71FBC33AFA8C}.Debug|x86.ActiveCfg = Debug|x86
		{0A319BDC-143A-40AD-A438-71FBC33AFA8C}.Debug|x86.Build.0 = Debug|x86
		{0A319BDC-143A-40AD-A438-71FBC33AFA8C}.Release|x86.ActiveCfg = Release|x86
		{0A319BDC-143A-40AD-A438-71FBC33AFA8C}.Release|x86.Build.0 = Release|x86
		{9046F9FF-2A92-431F-815D-25853490A2A2}.Debug|x86.ActiveCfg = Debug|x86
		{9046F9FF-2A92-431F-815D-25853490A2A2}.Debug|x86.Build.0 = Debug|x86
		{9046F9FF-2A92-431F-815D-25853490A2A2}.Release|x86.ActiveCfg = Release|x86
		{9046F9FF-2A92-431F-815D-25853490A2A2}.Release|x86.Build.0 = Release|x86
	EndGlobalSection
	GlobalSection(MonoDevelopProperties) = preSolution
		StartupItem = KirbyMap\KirbyMap.csproj
	EndGlobalSection
EndGlobal
