
Microsoft Visual Studio Solution File, Format Version 11.00
# Visual Studio 2010
Project("{FAE04EC0-301F-11D3-BF4B-00C04F79EFBC}") = "TP4_II1_SQLite_DAL", "TP4_II1_SQLite_DAL\TP4_II1_SQLite_DAL.csproj", "{AC60867F-03DD-4DD8-83F5-0F29FCF0D945}"
EndProject
Global
	GlobalSection(SolutionConfigurationPlatforms) = preSolution
		Debug|Any CPU = Debug|Any CPU
		Release|Any CPU = Release|Any CPU
	EndGlobalSection
	GlobalSection(ProjectConfigurationPlatforms) = postSolution
		{AC60867F-03DD-4DD8-83F5-0F29FCF0D945}.Debug|Any CPU.ActiveCfg = Debug|Any CPU
		{AC60867F-03DD-4DD8-83F5-0F29FCF0D945}.Debug|Any CPU.Build.0 = Debug|Any CPU
		{AC60867F-03DD-4DD8-83F5-0F29FCF0D945}.Release|Any CPU.ActiveCfg = Release|Any CPU
		{AC60867F-03DD-4DD8-83F5-0F29FCF0D945}.Release|Any CPU.Build.0 = Release|Any CPU
	EndGlobalSection
	GlobalSection(MonoDevelopProperties) = preSolution
		StartupItem = TP4_II1_SQLite_DAL\TP4_II1_SQLite_DAL.csproj
	EndGlobalSection
	GlobalSection(SolutionProperties) = preSolution
		HideSolutionNode = FALSE
	EndGlobalSection
EndGlobal
